
Microsoft Visual Studio Solution File, Format Version 12.00
# Visual Studio Version 17
VisualStudioVersion = 17.0.31612.314
MinimumVisualStudioVersion = 10.0.40219.1
Project("{FAE04EC0-301F-11D3-BF4B-00C04F79EFBC}") = "PizzaParlor", "PizzaParlor\PizzaParlor.csproj", "{3AA2E1E3-2809-464D-93CE-DEC45E4C5F51}"
EndProject
Global
	GlobalSection(SolutionConfigurationPlatforms) = preSolution
		Debug|Any CPU = Debug|Any CPU
		Release|Any CPU = Release|Any CPU
	EndGlobalSection
	GlobalSection(ProjectConfigurationPlatforms) = postSolution
		{3AA2E1E3-2809-464D-93CE-DEC45E4C5F51}.Debug|Any CPU.ActiveCfg = Debug|Any CPU
		{3AA2E1E3-2809-464D-93CE-DEC45E4C5F51}.Debug|Any CPU.Build.0 = Debug|Any CPU
		{3AA2E1E3-2809-464D-93CE-DEC45E4C5F51}.Release|Any CPU.ActiveCfg = Release|Any CPU
		{3AA2E1E3-2809-464D-93CE-DEC45E4C5F51}.Release|Any CPU.Build.0 = Release|Any CPU
	EndGlobalSection
	GlobalSection(SolutionProperties) = preSolution
		HideSolutionNode = FALSE
	EndGlobalSection
	GlobalSection(ExtensibilityGlobals) = postSolution
		SolutionGuid = {0276C637-3D72-4496-BD5B-914260548BBF}
	EndGlobalSection
EndGlobal
